
Microsoft Visual Studio Solution File, Format Version 12.00
# Visual Studio Version 17
VisualStudioVersion = 17.6.33829.357
MinimumVisualStudioVersion = 10.0.40219.1
Project("{8BC9CEB8-8B4A-11D0-8D11-00A0C91BC942}") = "TelegramIntercept", "TelegramIntercept\TelegramIntercept.vcxproj", "{D80AED5B-DA7B-4ABE-B18F-8662132A2B6C}"
EndProject
Project("{8BC9CEB8-8B4A-11D0-8D11-00A0C91BC942}") = "TelegramInterceptLoader", "TelegramInterceptLoader\TelegramInterceptLoader.vcxproj", "{7E25148C-6126-486D-A6B8-15DF3BDE9B7F}"
EndProject
Global
	GlobalSection(SolutionConfigurationPlatforms) = preSolution
		Debug|x64 = Debug|x64
		Debug|x86 = Debug|x86
		Release|x64 = Release|x64
		Release|x86 = Release|x86
	EndGlobalSection
	GlobalSection(ProjectConfigurationPlatforms) = postSolution
		{D80AED5B-DA7B-4ABE-B18F-8662132A2B6C}.Debug|x64.ActiveCfg = Debug|x64
		{D80AED5B-DA7B-4ABE-B18F-8662132A2B6C}.Debug|x64.Build.0 = Debug|x64
		{D80AED5B-DA7B-4ABE-B18F-8662132A2B6C}.Debug|x86.ActiveCfg = Debug|Win32
		{D80AED5B-DA7B-4ABE-B18F-8662132A2B6C}.Debug|x86.Build.0 = Debug|Win32
		{D80AED5B-DA7B-4ABE-B18F-8662132A2B6C}.Release|x64.ActiveCfg = Release|x64
		{D80AED5B-DA7B-4ABE-B18F-8662132A2B6C}.Release|x64.Build.0 = Release|x64
		{D80AED5B-DA7B-4ABE-B18F-8662132A2B6C}.Release|x86.ActiveCfg = Release|Win32
		{D80AED5B-DA7B-4ABE-B18F-8662132A2B6C}.Release|x86.Build.0 = Release|Win32
		{7E25148C-6126-486D-A6B8-15DF3BDE9B7F}.Debug|x64.ActiveCfg = Debug|x64
		{7E25148C-6126-486D-A6B8-15DF3BDE9B7F}.Debug|x64.Build.0 = Debug|x64
		{7E25148C-6126-486D-A6B8-15DF3BDE9B7F}.Debug|x86.ActiveCfg = Debug|Win32
		{7E25148C-6126-486D-A6B8-15DF3BDE9B7F}.Debug|x86.Build.0 = Debug|Win32
		{7E25148C-6126-486D-A6B8-15DF3BDE9B7F}.Release|x64.ActiveCfg = Release|x64
		{7E25148C-6126-486D-A6B8-15DF3BDE9B7F}.Release|x64.Build.0 = Release|x64
		{7E25148C-6126-486D-A6B8-15DF3BDE9B7F}.Release|x86.ActiveCfg = Release|Win32
		{7E25148C-6126-486D-A6B8-15DF3BDE9B7F}.Release|x86.Build.0 = Release|Win32
	EndGlobalSection
	GlobalSection(SolutionProperties) = preSolution
		HideSolutionNode = FALSE
	EndGlobalSection
	GlobalSection(ExtensibilityGlobals) = postSolution
		SolutionGuid = {47EC7EDD-C3B1-462D-AB8B-3C40D4B23DE9}
	EndGlobalSection
EndGlobal
